
Microsoft Visual Studio Solution File, Format Version 12.00
# Visual Studio Version 17
VisualStudioVersion = 17.10.34607.79
MinimumVisualStudioVersion = 10.0.40219.1
Project("{9A19103F-16F7-4668-BE54-9A1E7A4F7556}") = "DotNet8.BankingManagementSystem.Frontend", "DotNet8.BankingManagementSystem.Frontend\DotNet8.BankingManagementSystem.Frontend.csproj", "{5AD51DC6-4283-4118-BC72-0A1075E8F7AD}"
EndProject
Project("{9A19103F-16F7-4668-BE54-9A1E7A4F7556}") = "DotNet8.BankingManagementSystem.Backend", "DotNet8.BankingManagementSystem.Backend\DotNet8.BankingManagementSystem.Backend.csproj", "{5C788DD0-CBD7-4475-9517-D766C7031BBE}"
EndProject
Project("{2150E333-8FDC-42A3-9474-1A3956D46DE8}") = "Documents", "Documents", "{5B3424F8-FDA6-4FC0-A9A2-589D25ACBB81}"
	ProjectSection(SolutionItems) = preProject
		README.md = README.md
	EndProjectSection
EndProject
Project("{2150E333-8FDC-42A3-9474-1A3956D46DE8}") = "Common", "Common", "{64772246-4639-4D7D-A439-0560ED085B15}"
EndProject
Project("{9A19103F-16F7-4668-BE54-9A1E7A4F7556}") = "DotNet8.BankingManagementSystem.Backend.Services", "Common\DotNet8.BankingManagementSystem.Backend.Services\DotNet8.BankingManagementSystem.Backend.Services.csproj", "{8ECEF7B5-5284-49B1-8226-CCF0E544B017}"
EndProject
Project("{9A19103F-16F7-4668-BE54-9A1E7A4F7556}") = "DotNet8.BankingManagementSystem.Database", "Common\DotNet8.BankingManagementSystem.Database\DotNet8.BankingManagementSystem.Database.csproj", "{FD9F4FCF-3089-4720-A8FD-108857AB8CD7}"
EndProject
Project("{9A19103F-16F7-4668-BE54-9A1E7A4F7556}") = "DotNet8.BankingManagementSystem.Frontend.Api", "Common\DotNet8.BankingManagementSystem.Frontend.Api\DotNet8.BankingManagementSystem.Frontend.Api.csproj", "{93C8B705-3D19-4FB9-BC37-77CA11CC6F39}"
EndProject
Project("{9A19103F-16F7-4668-BE54-9A1E7A4F7556}") = "DotNet8.BankingManagementSystem.Mapper", "Common\DotNet8.BankingManagementSystem.Mapper\DotNet8.BankingManagementSystem.Mapper.csproj", "{B1691335-A853-47B0-B118-C1AF7FD1F382}"
EndProject
Project("{9A19103F-16F7-4668-BE54-9A1E7A4F7556}") = "DotNet8.BankingManagementSystem.Models", "Common\DotNet8.BankingManagementSystem.Models\DotNet8.BankingManagementSystem.Models.csproj", "{A99E24B0-5E85-478B-BB69-467B152D0EBB}"
EndProject
Project("{9A19103F-16F7-4668-BE54-9A1E7A4F7556}") = "DotNet8.BankingManagementSystem.Shared", "Common\DotNet8.BankingManagementSystem.Shared\DotNet8.BankingManagementSystem.Shared.csproj", "{02BA9C36-C067-4F7A-9BED-484471BB57C0}"
EndProject
Global
	GlobalSection(SolutionConfigurationPlatforms) = preSolution
		Debug|Any CPU = Debug|Any CPU
		Release|Any CPU = Release|Any CPU
	EndGlobalSection
	GlobalSection(ProjectConfigurationPlatforms) = postSolution
		{5AD51DC6-4283-4118-BC72-0A1075E8F7AD}.Debug|Any CPU.ActiveCfg = Debug|Any CPU
		{5AD51DC6-4283-4118-BC72-0A1075E8F7AD}.Debug|Any CPU.Build.0 = Debug|Any CPU
		{5AD51DC6-4283-4118-BC72-0A1075E8F7AD}.Release|Any CPU.ActiveCfg = Release|Any CPU
		{5AD51DC6-4283-4118-BC72-0A1075E8F7AD}.Release|Any CPU.Build.0 = Release|Any CPU
		{5C788DD0-CBD7-4475-9517-D766C7031BBE}.Debug|Any CPU.ActiveCfg = Debug|Any CPU
		{5C788DD0-CBD7-4475-9517-D766C7031BBE}.Debug|Any CPU.Build.0 = Debug|Any CPU
		{5C788DD0-CBD7-4475-9517-D766C7031BBE}.Release|Any CPU.ActiveCfg = Release|Any CPU
		{5C788DD0-CBD7-4475-9517-D766C7031BBE}.Release|Any CPU.Build.0 = Release|Any CPU
		{8ECEF7B5-5284-49B1-8226-CCF0E544B017}.Debug|Any CPU.ActiveCfg = Debug|Any CPU
		{8ECEF7B5-5284-49B1-8226-CCF0E544B017}.Debug|Any CPU.Build.0 = Debug|Any CPU
		{8ECEF7B5-5284-49B1-8226-CCF0E544B017}.Release|Any CPU.ActiveCfg = Release|Any CPU
		{8ECEF7B5-5284-49B1-8226-CCF0E544B017}.Release|Any CPU.Build.0 = Release|Any CPU
		{FD9F4FCF-3089-4720-A8FD-108857AB8CD7}.Debug|Any CPU.ActiveCfg = Debug|Any CPU
		{FD9F4FCF-3089-4720-A8FD-108857AB8CD7}.Debug|Any CPU.Build.0 = Debug|Any CPU
		{FD9F4FCF-3089-4720-A8FD-108857AB8CD7}.Release|Any CPU.ActiveCfg = Release|Any CPU
		{FD9F4FCF-3089-4720-A8FD-108857AB8CD7}.Release|Any CPU.Build.0 = Release|Any CPU
		{93C8B705-3D19-4FB9-BC37-77CA11CC6F39}.Debug|Any CPU.ActiveCfg = Debug|Any CPU
		{93C8B705-3D19-4FB9-BC37-77CA11CC6F39}.Debug|Any CPU.Build.0 = Debug|Any CPU
		{93C8B705-3D19-4FB9-BC37-77CA11CC6F39}.Release|Any CPU.ActiveCfg = Release|Any CPU
		{93C8B705-3D19-4FB9-BC37-77CA11CC6F39}.Release|Any CPU.Build.0 = Release|Any CPU
		{B1691335-A853-47B0-B118-C1AF7FD1F382}.Debug|Any CPU.ActiveCfg = Debug|Any CPU
		{B1691335-A853-47B0-B118-C1AF7FD1F382}.Debug|Any CPU.Build.0 = Debug|Any CPU
		{B1691335-A853-47B0-B118-C1AF7FD1F382}.Release|Any CPU.ActiveCfg = Release|Any CPU
		{B1691335-A853-47B0-B118-C1AF7FD1F382}.Release|Any CPU.Build.0 = Release|Any CPU
		{A99E24B0-5E85-478B-BB69-467B152D0EBB}.Debug|Any CPU.ActiveCfg = Debug|Any CPU
		{A99E24B0-5E85-478B-BB69-467B152D0EBB}.Debug|Any CPU.Build.0 = Debug|Any CPU
		{A99E24B0-5E85-478B-BB69-467B152D0EBB}.Release|Any CPU.ActiveCfg = Release|Any CPU
		{A99E24B0-5E85-478B-BB69-467B152D0EBB}.Release|Any CPU.Build.0 = Release|Any CPU
		{02BA9C36-C067-4F7A-9BED-484471BB57C0}.Debug|Any CPU.ActiveCfg = Debug|Any CPU
		{02BA9C36-C067-4F7A-9BED-484471BB57C0}.Debug|Any CPU.Build.0 = Debug|Any CPU
		{02BA9C36-C067-4F7A-9BED-484471BB57C0}.Release|Any CPU.ActiveCfg = Release|Any CPU
		{02BA9C36-C067-4F7A-9BED-484471BB57C0}.Release|Any CPU.Build.0 = Release|Any CPU
	EndGlobalSection
	GlobalSection(SolutionProperties) = preSolution
		HideSolutionNode = FALSE
	EndGlobalSection
	GlobalSection(NestedProjects) = preSolution
		{8ECEF7B5-5284-49B1-8226-CCF0E544B017} = {64772246-4639-4D7D-A439-0560ED085B15}
		{FD9F4FCF-3089-4720-A8FD-108857AB8CD7} = {64772246-4639-4D7D-A439-0560ED085B15}
		{93C8B705-3D19-4FB9-BC37-77CA11CC6F39} = {64772246-4639-4D7D-A439-0560ED085B15}
		{B1691335-A853-47B0-B118-C1AF7FD1F382} = {64772246-4639-4D7D-A439-0560ED085B15}
		{A99E24B0-5E85-478B-BB69-467B152D0EBB} = {64772246-4639-4D7D-A439-0560ED085B15}
		{02BA9C36-C067-4F7A-9BED-484471BB57C0} = {64772246-4639-4D7D-A439-0560ED085B15}
	EndGlobalSection
	GlobalSection(ExtensibilityGlobals) = postSolution
		SolutionGuid = {EA411AB8-CEBE-47FF-8A88-DC7C24F987D2}
	EndGlobalSection
EndGlobal
