{
  "name": "DotNet8.BankingManagementSystem.App",
  "lockfileVersion": 3,
  "requires": true,
  "packages": {
    "": {
      "dependencies": {
        "notiflix": "^3.2.7"
      }
    },
    "node_modules/notiflix": {
      "version": "3.2.7",
      "resolved": "https://registry.npmjs.org/notiflix/-/notiflix-3.2.7.tgz",
      "integrity": "sha512-NRu6KSeyfphgPKBxh4IUoOYXbROrpuDa9/q9/VPb6UNEP4uII9RKwclTZWUyl1A0tSh9+lEhdz9F/EkskH3A6w=="
    }
  }
}
